
Microsoft Visual Studio Solution File, Format Version 12.00
# Visual Studio Version 17
VisualStudioVersion = 17.11.35219.272
MinimumVisualStudioVersion = 10.0.40219.1
Project("{2150E333-8FDC-42A3-9474-1A3956D46DE8}") = "src", "src", "{E2FEC8B1-1840-48B4-A41D-7FF7A6FF5B2D}"
EndProject
Project("{2150E333-8FDC-42A3-9474-1A3956D46DE8}") = "01-Domain", "01-Domain", "{23580FE5-5A48-4339-BB46-1EA459A4EE28}"
EndProject
Project("{2150E333-8FDC-42A3-9474-1A3956D46DE8}") = "02-Infrastructure", "02-Infrastructure", "{56F5606E-2403-4160-9BB7-282F5C1ABD78}"
EndProject
Project("{2150E333-8FDC-42A3-9474-1A3956D46DE8}") = "03-EndPoint", "03-EndPoint", "{E0DC8F96-B3A5-4391-ABDE-F64749210516}"
EndProject
Project("{2150E333-8FDC-42A3-9474-1A3956D46DE8}") = "Core", "Core", "{0FF3157C-8938-48C8-B64A-E3E7611DAD4D}"
EndProject
Project("{2150E333-8FDC-42A3-9474-1A3956D46DE8}") = "Service", "Service", "{82E088D8-BD13-4421-914E-31352481D5F1}"
EndProject
Project("{2150E333-8FDC-42A3-9474-1A3956D46DE8}") = "Service", "Service", "{A0BBEB7C-003E-4BA7-9822-B6B6A65BB4AB}"
EndProject
Project("{2150E333-8FDC-42A3-9474-1A3956D46DE8}") = "AppService", "AppService", "{B2DAAE3B-D8DE-493B-A0C9-C8E23A115490}"
EndProject
Project("{9A19103F-16F7-4668-BE54-9A1E7A4F7556}") = "App.Domain.Core", "App.Domain.Core\App.Domain.Core.csproj", "{40932539-4B15-438E-87F7-6A8DEAEF4508}"
EndProject
Project("{9A19103F-16F7-4668-BE54-9A1E7A4F7556}") = "App.Domain.AppService", "App.Domain.AppService\App.Domain.AppService.csproj", "{816065D8-810D-4A4D-AA0B-04B4E8803904}"
EndProject
Project("{9A19103F-16F7-4668-BE54-9A1E7A4F7556}") = "App.Domain.Service", "App.Domain.Service\App.Domain.Service.csproj", "{987CDC0C-9BE2-46B3-9633-6B102A10EDC8}"
EndProject
Project("{2150E333-8FDC-42A3-9474-1A3956D46DE8}") = "DataBase", "DataBase", "{46677F56-0F82-479B-A333-312105C864D1}"
EndProject
Project("{2150E333-8FDC-42A3-9474-1A3956D46DE8}") = "DataAccess", "DataAccess", "{AD41CC2A-249C-4183-BF47-A677F78E25FA}"
EndProject
Project("{2150E333-8FDC-42A3-9474-1A3956D46DE8}") = "Ef", "Ef", "{C169B7E8-3576-46EC-B8FF-B584A599B7FF}"
EndProject
Project("{9A19103F-16F7-4668-BE54-9A1E7A4F7556}") = "App.Infra.Repository.Ef", "App.Infra.Repository.Ef\App.Infra.Repository.Ef.csproj", "{30963539-6357-4E73-ACB1-DF64E0CCB048}"
EndProject
Project("{9A19103F-16F7-4668-BE54-9A1E7A4F7556}") = "App.Infra.Db.SqlServer", "App.Infra.Db.SqlServer\App.Infra.Db.SqlServer.csproj", "{B8A7B6F3-4B81-411B-B01E-B19447FBFF65}"
EndProject
Project("{FAE04EC0-301F-11D3-BF4B-00C04F79EFBC}") = "MayneFaniWebApp(MVC)", "MayneFaniWebApp(MVC)\MayneFaniWebApp(MVC).csproj", "{D1B967CA-7A30-4856-9718-C40ACD6D7D8E}"
EndProject
Global
	GlobalSection(SolutionConfigurationPlatforms) = preSolution
		Debug|Any CPU = Debug|Any CPU
		Release|Any CPU = Release|Any CPU
	EndGlobalSection
	GlobalSection(ProjectConfigurationPlatforms) = postSolution
		{40932539-4B15-438E-87F7-6A8DEAEF4508}.Debug|Any CPU.ActiveCfg = Debug|Any CPU
		{40932539-4B15-438E-87F7-6A8DEAEF4508}.Debug|Any CPU.Build.0 = Debug|Any CPU
		{40932539-4B15-438E-87F7-6A8DEAEF4508}.Release|Any CPU.ActiveCfg = Release|Any CPU
		{40932539-4B15-438E-87F7-6A8DEAEF4508}.Release|Any CPU.Build.0 = Release|Any CPU
		{816065D8-810D-4A4D-AA0B-04B4E8803904}.Debug|Any CPU.ActiveCfg = Debug|Any CPU
		{816065D8-810D-4A4D-AA0B-04B4E8803904}.Debug|Any CPU.Build.0 = Debug|Any CPU
		{816065D8-810D-4A4D-AA0B-04B4E8803904}.Release|Any CPU.ActiveCfg = Release|Any CPU
		{816065D8-810D-4A4D-AA0B-04B4E8803904}.Release|Any CPU.Build.0 = Release|Any CPU
		{987CDC0C-9BE2-46B3-9633-6B102A10EDC8}.Debug|Any CPU.ActiveCfg = Debug|Any CPU
		{987CDC0C-9BE2-46B3-9633-6B102A10EDC8}.Debug|Any CPU.Build.0 = Debug|Any CPU
		{987CDC0C-9BE2-46B3-9633-6B102A10EDC8}.Release|Any CPU.ActiveCfg = Release|Any CPU
		{987CDC0C-9BE2-46B3-9633-6B102A10EDC8}.Release|Any CPU.Build.0 = Release|Any CPU
		{30963539-6357-4E73-ACB1-DF64E0CCB048}.Debug|Any CPU.ActiveCfg = Debug|Any CPU
		{30963539-6357-4E73-ACB1-DF64E0CCB048}.Debug|Any CPU.Build.0 = Debug|Any CPU
		{30963539-6357-4E73-ACB1-DF64E0CCB048}.Release|Any CPU.ActiveCfg = Release|Any CPU
		{30963539-6357-4E73-ACB1-DF64E0CCB048}.Release|Any CPU.Build.0 = Release|Any CPU
		{B8A7B6F3-4B81-411B-B01E-B19447FBFF65}.Debug|Any CPU.ActiveCfg = Debug|Any CPU
		{B8A7B6F3-4B81-411B-B01E-B19447FBFF65}.Debug|Any CPU.Build.0 = Debug|Any CPU
		{B8A7B6F3-4B81-411B-B01E-B19447FBFF65}.Release|Any CPU.ActiveCfg = Release|Any CPU
		{B8A7B6F3-4B81-411B-B01E-B19447FBFF65}.Release|Any CPU.Build.0 = Release|Any CPU
		{D1B967CA-7A30-4856-9718-C40ACD6D7D8E}.Debug|Any CPU.ActiveCfg = Debug|Any CPU
		{D1B967CA-7A30-4856-9718-C40ACD6D7D8E}.Debug|Any CPU.Build.0 = Debug|Any CPU
		{D1B967CA-7A30-4856-9718-C40ACD6D7D8E}.Release|Any CPU.ActiveCfg = Release|Any CPU
		{D1B967CA-7A30-4856-9718-C40ACD6D7D8E}.Release|Any CPU.Build.0 = Release|Any CPU
	EndGlobalSection
	GlobalSection(SolutionProperties) = preSolution
		HideSolutionNode = FALSE
	EndGlobalSection
	GlobalSection(NestedProjects) = preSolution
		{23580FE5-5A48-4339-BB46-1EA459A4EE28} = {E2FEC8B1-1840-48B4-A41D-7FF7A6FF5B2D}
		{56F5606E-2403-4160-9BB7-282F5C1ABD78} = {E2FEC8B1-1840-48B4-A41D-7FF7A6FF5B2D}
		{E0DC8F96-B3A5-4391-ABDE-F64749210516} = {E2FEC8B1-1840-48B4-A41D-7FF7A6FF5B2D}
		{0FF3157C-8938-48C8-B64A-E3E7611DAD4D} = {23580FE5-5A48-4339-BB46-1EA459A4EE28}
		{82E088D8-BD13-4421-914E-31352481D5F1} = {23580FE5-5A48-4339-BB46-1EA459A4EE28}
		{A0BBEB7C-003E-4BA7-9822-B6B6A65BB4AB} = {82E088D8-BD13-4421-914E-31352481D5F1}
		{B2DAAE3B-D8DE-493B-A0C9-C8E23A115490} = {82E088D8-BD13-4421-914E-31352481D5F1}
		{40932539-4B15-438E-87F7-6A8DEAEF4508} = {0FF3157C-8938-48C8-B64A-E3E7611DAD4D}
		{816065D8-810D-4A4D-AA0B-04B4E8803904} = {B2DAAE3B-D8DE-493B-A0C9-C8E23A115490}
		{987CDC0C-9BE2-46B3-9633-6B102A10EDC8} = {A0BBEB7C-003E-4BA7-9822-B6B6A65BB4AB}
		{46677F56-0F82-479B-A333-312105C864D1} = {56F5606E-2403-4160-9BB7-282F5C1ABD78}
		{AD41CC2A-249C-4183-BF47-A677F78E25FA} = {56F5606E-2403-4160-9BB7-282F5C1ABD78}
		{C169B7E8-3576-46EC-B8FF-B584A599B7FF} = {AD41CC2A-249C-4183-BF47-A677F78E25FA}
		{30963539-6357-4E73-ACB1-DF64E0CCB048} = {C169B7E8-3576-46EC-B8FF-B584A599B7FF}
		{B8A7B6F3-4B81-411B-B01E-B19447FBFF65} = {46677F56-0F82-479B-A333-312105C864D1}
		{D1B967CA-7A30-4856-9718-C40ACD6D7D8E} = {E0DC8F96-B3A5-4391-ABDE-F64749210516}
	EndGlobalSection
	GlobalSection(ExtensibilityGlobals) = postSolution
		SolutionGuid = {24ED9F51-F8F3-476D-B0F0-C8661B4FB45B}
	EndGlobalSection
EndGlobal
