
Microsoft Visual Studio Solution File, Format Version 12.00
# Visual Studio Version 17
VisualStudioVersion = 17.11.35219.272
MinimumVisualStudioVersion = 10.0.40219.1
Project("{2150E333-8FDC-42A3-9474-1A3956D46DE8}") = "src", "src", "{E2FEC8B1-1840-48B4-A41D-7FF7A6FF5B2D}"
EndProject
Project("{2150E333-8FDC-42A3-9474-1A3956D46DE8}") = "01-Domain", "01-Domain", "{23580FE5-5A48-4339-BB46-1EA459A4EE28}"
EndProject
Project("{2150E333-8FDC-42A3-9474-1A3956D46DE8}") = "02-Infrastructure", "02-Infrastructure", "{56F5606E-2403-4160-9BB7-282F5C1ABD78}"
EndProject
Project("{2150E333-8FDC-42A3-9474-1A3956D46DE8}") = "03-EndPoint", "03-EndPoint", "{E0DC8F96-B3A5-4391-ABDE-F64749210516}"
EndProject
Project("{2150E333-8FDC-42A3-9474-1A3956D46DE8}") = "Core", "Core", "{0FF3157C-8938-48C8-B64A-E3E7611DAD4D}"
EndProject
Project("{2150E333-8FDC-42A3-9474-1A3956D46DE8}") = "Service", "Service", "{82E088D8-BD13-4421-914E-31352481D5F1}"
EndProject
Project("{2150E333-8FDC-42A3-9474-1A3956D46DE8}") = "Mayne", "Mayne", "{D3072AD8-E265-40CA-B430-A18F9ED2E01C}"
EndProject
Project("{2150E333-8FDC-42A3-9474-1A3956D46DE8}") = "Cars", "Cars", "{7E01241A-699B-45D1-A924-2CA0B978920F}"
EndProject
Project("{2150E333-8FDC-42A3-9474-1A3956D46DE8}") = "User", "User", "{16CA5202-D9B0-4A64-988F-CF8B714CD10B}"
EndProject
Project("{2150E333-8FDC-42A3-9474-1A3956D46DE8}") = "City", "City", "{523E3971-C80A-4A35-97EE-0904E33EEAB5}"
EndProject
Project("{2150E333-8FDC-42A3-9474-1A3956D46DE8}") = "Base", "Base", "{A2E739D7-B9B0-4F9B-AC9B-29807C38156E}"
EndProject
Project("{2150E333-8FDC-42A3-9474-1A3956D46DE8}") = "Service", "Service", "{935FC654-934F-49E8-AABD-D5428F4BDFA6}"
EndProject
Project("{2150E333-8FDC-42A3-9474-1A3956D46DE8}") = "AppService", "AppService", "{B8EB5F4A-4722-4D84-B7FA-927AC31C645C}"
EndProject
Project("{2150E333-8FDC-42A3-9474-1A3956D46DE8}") = "Data", "Data", "{3FFB93D2-5FF9-42E1-95D2-B96D0280D276}"
EndProject
Project("{2150E333-8FDC-42A3-9474-1A3956D46DE8}") = "Dtos", "Dtos", "{4BBFFA78-6D64-4723-8E5E-13A31BC64A37}"
EndProject
Project("{2150E333-8FDC-42A3-9474-1A3956D46DE8}") = "Entities", "Entities", "{03CB23F9-9789-4D0D-810E-78ECA7A1E122}"
EndProject
Project("{2150E333-8FDC-42A3-9474-1A3956D46DE8}") = "Service", "Service", "{A0BBEB7C-003E-4BA7-9822-B6B6A65BB4AB}"
EndProject
Project("{2150E333-8FDC-42A3-9474-1A3956D46DE8}") = "AppService", "AppService", "{B2DAAE3B-D8DE-493B-A0C9-C8E23A115490}"
EndProject
Project("{2150E333-8FDC-42A3-9474-1A3956D46DE8}") = "AppService", "AppService", "{B6F1E076-CAD7-49EA-BF3C-1D89CACE9607}"
EndProject
Project("{2150E333-8FDC-42A3-9474-1A3956D46DE8}") = "Service", "Service", "{202402AC-D1FB-4C7F-8DBF-969C3D4A82EC}"
EndProject
Project("{2150E333-8FDC-42A3-9474-1A3956D46DE8}") = "Data", "Data", "{1F17ABA0-BA8D-4A76-88CC-719A5B43CA92}"
EndProject
Project("{2150E333-8FDC-42A3-9474-1A3956D46DE8}") = "Dtos", "Dtos", "{89D31DA8-81DA-4485-A3F4-2AC66352273E}"
EndProject
Project("{2150E333-8FDC-42A3-9474-1A3956D46DE8}") = "Entities", "Entities", "{2175A30F-A042-47FC-A06B-388DE4F9DCCE}"
EndProject
Project("{2150E333-8FDC-42A3-9474-1A3956D46DE8}") = "AppService", "AppService", "{3A47FA1A-1C88-4EF1-849D-40D5EE4B6793}"
EndProject
Project("{2150E333-8FDC-42A3-9474-1A3956D46DE8}") = "Service", "Service", "{69CF75F2-5434-4304-A719-0682BCC7296B}"
EndProject
Project("{2150E333-8FDC-42A3-9474-1A3956D46DE8}") = "Data", "Data", "{3DA0B96C-D7F0-40D4-AEFA-5DBCF5849654}"
EndProject
Project("{2150E333-8FDC-42A3-9474-1A3956D46DE8}") = "Dtos", "Dtos", "{23F7A93C-EFB9-4307-87FB-B463C1B47B48}"
EndProject
Project("{2150E333-8FDC-42A3-9474-1A3956D46DE8}") = "Entities", "Entities", "{157258AC-F6C4-4100-9F80-874584168D60}"
EndProject
Project("{2150E333-8FDC-42A3-9474-1A3956D46DE8}") = "Entities", "Entities", "{DE9F3C1D-CA77-4DFD-9DF7-6D3C2A41FB09}"
EndProject
Project("{2150E333-8FDC-42A3-9474-1A3956D46DE8}") = "Data", "Data", "{1D68A1DC-2F80-4AFA-85B7-E9A101E74F33}"
EndProject
Project("{2150E333-8FDC-42A3-9474-1A3956D46DE8}") = "Dtos", "Dtos", "{D1FECB3E-DBC0-4D8C-B883-6A515E53F5CD}"
EndProject
Project("{2150E333-8FDC-42A3-9474-1A3956D46DE8}") = "AppService", "AppService", "{E0191151-494E-44FB-9DF1-AC86EA11CE7E}"
EndProject
Project("{2150E333-8FDC-42A3-9474-1A3956D46DE8}") = "Service", "Service", "{0457D45A-A7E2-41D7-AD81-4FE6E74961E5}"
EndProject
Global
	GlobalSection(SolutionProperties) = preSolution
		HideSolutionNode = FALSE
	EndGlobalSection
	GlobalSection(NestedProjects) = preSolution
		{23580FE5-5A48-4339-BB46-1EA459A4EE28} = {E2FEC8B1-1840-48B4-A41D-7FF7A6FF5B2D}
		{56F5606E-2403-4160-9BB7-282F5C1ABD78} = {E2FEC8B1-1840-48B4-A41D-7FF7A6FF5B2D}
		{E0DC8F96-B3A5-4391-ABDE-F64749210516} = {E2FEC8B1-1840-48B4-A41D-7FF7A6FF5B2D}
		{0FF3157C-8938-48C8-B64A-E3E7611DAD4D} = {23580FE5-5A48-4339-BB46-1EA459A4EE28}
		{82E088D8-BD13-4421-914E-31352481D5F1} = {23580FE5-5A48-4339-BB46-1EA459A4EE28}
		{D3072AD8-E265-40CA-B430-A18F9ED2E01C} = {0FF3157C-8938-48C8-B64A-E3E7611DAD4D}
		{7E01241A-699B-45D1-A924-2CA0B978920F} = {D3072AD8-E265-40CA-B430-A18F9ED2E01C}
		{16CA5202-D9B0-4A64-988F-CF8B714CD10B} = {D3072AD8-E265-40CA-B430-A18F9ED2E01C}
		{523E3971-C80A-4A35-97EE-0904E33EEAB5} = {D3072AD8-E265-40CA-B430-A18F9ED2E01C}
		{A2E739D7-B9B0-4F9B-AC9B-29807C38156E} = {D3072AD8-E265-40CA-B430-A18F9ED2E01C}
		{935FC654-934F-49E8-AABD-D5428F4BDFA6} = {16CA5202-D9B0-4A64-988F-CF8B714CD10B}
		{B8EB5F4A-4722-4D84-B7FA-927AC31C645C} = {16CA5202-D9B0-4A64-988F-CF8B714CD10B}
		{3FFB93D2-5FF9-42E1-95D2-B96D0280D276} = {16CA5202-D9B0-4A64-988F-CF8B714CD10B}
		{4BBFFA78-6D64-4723-8E5E-13A31BC64A37} = {16CA5202-D9B0-4A64-988F-CF8B714CD10B}
		{03CB23F9-9789-4D0D-810E-78ECA7A1E122} = {16CA5202-D9B0-4A64-988F-CF8B714CD10B}
		{A0BBEB7C-003E-4BA7-9822-B6B6A65BB4AB} = {82E088D8-BD13-4421-914E-31352481D5F1}
		{B2DAAE3B-D8DE-493B-A0C9-C8E23A115490} = {82E088D8-BD13-4421-914E-31352481D5F1}
		{B6F1E076-CAD7-49EA-BF3C-1D89CACE9607} = {523E3971-C80A-4A35-97EE-0904E33EEAB5}
		{202402AC-D1FB-4C7F-8DBF-969C3D4A82EC} = {523E3971-C80A-4A35-97EE-0904E33EEAB5}
		{1F17ABA0-BA8D-4A76-88CC-719A5B43CA92} = {523E3971-C80A-4A35-97EE-0904E33EEAB5}
		{89D31DA8-81DA-4485-A3F4-2AC66352273E} = {523E3971-C80A-4A35-97EE-0904E33EEAB5}
		{2175A30F-A042-47FC-A06B-388DE4F9DCCE} = {523E3971-C80A-4A35-97EE-0904E33EEAB5}
		{3A47FA1A-1C88-4EF1-849D-40D5EE4B6793} = {7E01241A-699B-45D1-A924-2CA0B978920F}
		{69CF75F2-5434-4304-A719-0682BCC7296B} = {7E01241A-699B-45D1-A924-2CA0B978920F}
		{3DA0B96C-D7F0-40D4-AEFA-5DBCF5849654} = {7E01241A-699B-45D1-A924-2CA0B978920F}
		{23F7A93C-EFB9-4307-87FB-B463C1B47B48} = {7E01241A-699B-45D1-A924-2CA0B978920F}
		{157258AC-F6C4-4100-9F80-874584168D60} = {7E01241A-699B-45D1-A924-2CA0B978920F}
		{DE9F3C1D-CA77-4DFD-9DF7-6D3C2A41FB09} = {A2E739D7-B9B0-4F9B-AC9B-29807C38156E}
		{1D68A1DC-2F80-4AFA-85B7-E9A101E74F33} = {A2E739D7-B9B0-4F9B-AC9B-29807C38156E}
		{D1FECB3E-DBC0-4D8C-B883-6A515E53F5CD} = {A2E739D7-B9B0-4F9B-AC9B-29807C38156E}
		{E0191151-494E-44FB-9DF1-AC86EA11CE7E} = {A2E739D7-B9B0-4F9B-AC9B-29807C38156E}
		{0457D45A-A7E2-41D7-AD81-4FE6E74961E5} = {A2E739D7-B9B0-4F9B-AC9B-29807C38156E}
	EndGlobalSection
	GlobalSection(ExtensibilityGlobals) = postSolution
		SolutionGuid = {24ED9F51-F8F3-476D-B0F0-C8661B4FB45B}
	EndGlobalSection
EndGlobal
